
Microsoft Visual Studio Solution File, Format Version 12.00
# Visual Studio Version 17
VisualStudioVersion = 17.2.32516.85
MinimumVisualStudioVersion = 10.0.40219.1
Project("{FAE04EC0-301F-11D3-BF4B-00C04F79EFBC}") = "ConsoleVideo", "ConsoleVideo\ConsoleVideo.csproj", "{CA76B058-FDC0-41C3-8F36-E60C5CF73D72}"
EndProject
Global
	GlobalSection(SolutionConfigurationPlatforms) = preSolution
		Debug|Any CPU = Debug|Any CPU
		Release|Any CPU = Release|Any CPU
	EndGlobalSection
	GlobalSection(ProjectConfigurationPlatforms) = postSolution
		{CA76B058-FDC0-41C3-8F36-E60C5CF73D72}.Debug|Any CPU.ActiveCfg = Debug|Any CPU
		{CA76B058-FDC0-41C3-8F36-E60C5CF73D72}.Debug|Any CPU.Build.0 = Debug|Any CPU
		{CA76B058-FDC0-41C3-8F36-E60C5CF73D72}.Release|Any CPU.ActiveCfg = Release|Any CPU
		{CA76B058-FDC0-41C3-8F36-E60C5CF73D72}.Release|Any CPU.Build.0 = Release|Any CPU
	EndGlobalSection
	GlobalSection(SolutionProperties) = preSolution
		HideSolutionNode = FALSE
	EndGlobalSection
	GlobalSection(ExtensibilityGlobals) = postSolution
		SolutionGuid = {556F9361-46FE-444F-AE97-34A00AAE5C51}
	EndGlobalSection
EndGlobal
